
Microsoft Visual Studio Solution File, Format Version 12.00
# Visual Studio 15
VisualStudioVersion = 15.0.28307.168
MinimumVisualStudioVersion = 10.0.40219.1
Project("{FAE04EC0-301F-11D3-BF4B-00C04F79EFBC}") = "EF6CodeFirstDemo", "EF6CodeFirstDemo\EF6CodeFirstDemo.csproj", "{C03B869F-C147-4BCE-8D2F-88E64F3794B4}"
EndProject
Global
	GlobalSection(SolutionConfigurationPlatforms) = preSolution
		Debug|Any CPU = Debug|Any CPU
		Release|Any CPU = Release|Any CPU
	EndGlobalSection
	GlobalSection(ProjectConfigurationPlatforms) = postSolution
		{C03B869F-C147-4BCE-8D2F-88E64F3794B4}.Debug|Any CPU.ActiveCfg = Debug|Any CPU
		{C03B869F-C147-4BCE-8D2F-88E64F3794B4}.Debug|Any CPU.Build.0 = Debug|Any CPU
		{C03B869F-C147-4BCE-8D2F-88E64F3794B4}.Release|Any CPU.ActiveCfg = Release|Any CPU
		{C03B869F-C147-4BCE-8D2F-88E64F3794B4}.Release|Any CPU.Build.0 = Release|Any CPU
	EndGlobalSection
	GlobalSection(SolutionProperties) = preSolution
		HideSolutionNode = FALSE
	EndGlobalSection
	GlobalSection(ExtensibilityGlobals) = postSolution
		SolutionGuid = {389DC76F-AFD7-431D-85D0-F824F6D58158}
	EndGlobalSection
EndGlobal
